
Microsoft Visual Studio Solution File, Format Version 12.00
Project("{FAE04EC0-301F-11D3-BF4B-00C04F79EFBC}") = "LegendaryDashboard.Api", "LegendaryDashboard.Api\LegendaryDashboard.Api.csproj", "{C494BB2A-9FBF-4945-BC25-8E36DF4C1054}"
EndProject
Project("{FAE04EC0-301F-11D3-BF4B-00C04F79EFBC}") = "LegendaryDashboard.Contracts", "LegendaryDashboard.Contracts\LegendaryDashboard.Contracts.csproj", "{FA1BDF0F-8974-4EA4-8E7E-5D46083CBA33}"
EndProject
Project("{FAE04EC0-301F-11D3-BF4B-00C04F79EFBC}") = "LegendaryDashboard.Domain", "LegendaryDashboard.Domain\LegendaryDashboard.Domain.csproj", "{B75C0B95-3A63-491C-A6BF-8D1C80229562}"
EndProject
Project("{FAE04EC0-301F-11D3-BF4B-00C04F79EFBC}") = "LegendaryDashboard.Application", "LegendaryDashboard.Application\LegendaryDashboard.Application.csproj", "{5CEE1918-7049-4763-92AC-9F406FE5AB17}"
EndProject
Project("{FAE04EC0-301F-11D3-BF4B-00C04F79EFBC}") = "LegendaryDashboard.Infrastructure", "LegendaryDashboard.Infrastructure\LegendaryDashboard.Infrastructure.csproj", "{F801CFA6-12C3-4D22-B91B-3EF44EA1833E}"
EndProject
Global
	GlobalSection(SolutionConfigurationPlatforms) = preSolution
		Debug|Any CPU = Debug|Any CPU
		Release|Any CPU = Release|Any CPU
	EndGlobalSection
	GlobalSection(ProjectConfigurationPlatforms) = postSolution
		{C494BB2A-9FBF-4945-BC25-8E36DF4C1054}.Debug|Any CPU.ActiveCfg = Debug|Any CPU
		{C494BB2A-9FBF-4945-BC25-8E36DF4C1054}.Debug|Any CPU.Build.0 = Debug|Any CPU
		{C494BB2A-9FBF-4945-BC25-8E36DF4C1054}.Release|Any CPU.ActiveCfg = Release|Any CPU
		{C494BB2A-9FBF-4945-BC25-8E36DF4C1054}.Release|Any CPU.Build.0 = Release|Any CPU
		{FA1BDF0F-8974-4EA4-8E7E-5D46083CBA33}.Debug|Any CPU.ActiveCfg = Debug|Any CPU
		{FA1BDF0F-8974-4EA4-8E7E-5D46083CBA33}.Debug|Any CPU.Build.0 = Debug|Any CPU
		{FA1BDF0F-8974-4EA4-8E7E-5D46083CBA33}.Release|Any CPU.ActiveCfg = Release|Any CPU
		{FA1BDF0F-8974-4EA4-8E7E-5D46083CBA33}.Release|Any CPU.Build.0 = Release|Any CPU
		{B75C0B95-3A63-491C-A6BF-8D1C80229562}.Debug|Any CPU.ActiveCfg = Debug|Any CPU
		{B75C0B95-3A63-491C-A6BF-8D1C80229562}.Debug|Any CPU.Build.0 = Debug|Any CPU
		{B75C0B95-3A63-491C-A6BF-8D1C80229562}.Release|Any CPU.ActiveCfg = Release|Any CPU
		{B75C0B95-3A63-491C-A6BF-8D1C80229562}.Release|Any CPU.Build.0 = Release|Any CPU
		{5CEE1918-7049-4763-92AC-9F406FE5AB17}.Debug|Any CPU.ActiveCfg = Debug|Any CPU
		{5CEE1918-7049-4763-92AC-9F406FE5AB17}.Debug|Any CPU.Build.0 = Debug|Any CPU
		{5CEE1918-7049-4763-92AC-9F406FE5AB17}.Release|Any CPU.ActiveCfg = Release|Any CPU
		{5CEE1918-7049-4763-92AC-9F406FE5AB17}.Release|Any CPU.Build.0 = Release|Any CPU
		{F801CFA6-12C3-4D22-B91B-3EF44EA1833E}.Debug|Any CPU.ActiveCfg = Debug|Any CPU
		{F801CFA6-12C3-4D22-B91B-3EF44EA1833E}.Debug|Any CPU.Build.0 = Debug|Any CPU
		{F801CFA6-12C3-4D22-B91B-3EF44EA1833E}.Release|Any CPU.ActiveCfg = Release|Any CPU
		{F801CFA6-12C3-4D22-B91B-3EF44EA1833E}.Release|Any CPU.Build.0 = Release|Any CPU
	EndGlobalSection
EndGlobal
